// !$*UTF8*$!
{
	archiveVersion = 1;
	classes = {
	};
	objectVersion = 48;
	objects = {

/* Begin PBXBuildFile section */
		2687E9D6A6EAD7411B3569BA /* Pods_PokeFinder.framework in Frameworks */ = {isa = PBXBuildFile; fileRef = 580107CACB5AFDA31D27A124 /* Pods_PokeFinder.framework */; };
		500944A31FB4115100C4AADD /* CollectionViewCell.swift in Sources */ = {isa = PBXBuildFile; fileRef = 500944A21FB4115100C4AADD /* CollectionViewCell.swift */; };
		50C978D41FB3C5A200B40B37 /* PokeAnnotation.swift in Sources */ = {isa = PBXBuildFile; fileRef = 50C978D31FB3C5A200B40B37 /* PokeAnnotation.swift */; };
		50CA046D1FB3B63B007E2BD7 /* GeoFire.m in Sources */ = {isa = PBXBuildFile; fileRef = 50CA04641FB3B63B007E2BD7 /* GeoFire.m */; };
		50CA046E1FB3B63B007E2BD7 /* GFBase32Utils.m in Sources */ = {isa = PBXBuildFile; fileRef = 50CA04661FB3B63B007E2BD7 /* GFBase32Utils.m */; };
		50CA046F1FB3B63B007E2BD7 /* GFGeoHash.m in Sources */ = {isa = PBXBuildFile; fileRef = 50CA04681FB3B63B007E2BD7 /* GFGeoHash.m */; };
		50CA04701FB3B63B007E2BD7 /* GFGeoHashQuery.m in Sources */ = {isa = PBXBuildFile; fileRef = 50CA046A1FB3B63B007E2BD7 /* GFGeoHashQuery.m */; };
		50CA04711FB3B63B007E2BD7 /* GFQuery.m in Sources */ = {isa = PBXBuildFile; fileRef = 50CA046C1FB3B63B007E2BD7 /* GFQuery.m */; };
		50E96BCA1FB3B2B200A4C04A /* AppDelegate.swift in Sources */ = {isa = PBXBuildFile; fileRef = 50E96BC91FB3B2B200A4C04A /* AppDelegate.swift */; };
		50E96BCC1FB3B2B200A4C04A /* ViewController.swift in Sources */ = {isa = PBXBuildFile; fileRef = 50E96BCB1FB3B2B200A4C04A /* ViewController.swift */; };
		50E96BCF1FB3B2B200A4C04A /* Main.storyboard in Resources */ = {isa = PBXBuildFile; fileRef = 50E96BCD1FB3B2B200A4C04A /* Main.storyboard */; };
		50E96BD11FB3B2B200A4C04A /* Assets.xcassets in Resources */ = {isa = PBXBuildFile; fileRef = 50E96BD01FB3B2B200A4C04A /* Assets.xcassets */; };
		50E96BD41FB3B2B200A4C04A /* LaunchScreen.storyboard in Resources */ = {isa = PBXBuildFile; fileRef = 50E96BD21FB3B2B200A4C04A /* LaunchScreen.storyboard */; };
		50E96BDC1FB3B2D000A4C04A /* GoogleService-Info.plist in Resources */ = {isa = PBXBuildFile; fileRef = 50E96BDB1FB3B2CF00A4C04A /* GoogleService-Info.plist */; };
/* End PBXBuildFile section */

/* Begin PBXFileReference section */
		1E0085343C35622577CD1AA8 /* Pods-PokeFinder.debug.xcconfig */ = {isa = PBXFileReference; includeInIndex = 1; lastKnownFileType = text.xcconfig; name = "Pods-PokeFinder.debug.xcconfig"; path = "Pods/Target Support Files/Pods-PokeFinder/Pods-PokeFinder.debug.xcconfig"; sourceTree = "<group>"; };
		500944A21FB4115100C4AADD /* CollectionViewCell.swift */ = {isa = PBXFileReference; lastKnownFileType = sourcecode.swift; path = CollectionViewCell.swift; sourceTree = "<group>"; };
		50C978D31FB3C5A200B40B37 /* PokeAnnotation.swift */ = {isa = PBXFileReference; lastKnownFileType = sourcecode.swift; path = PokeAnnotation.swift; sourceTree = "<group>"; };
		50CA045D1FB3B63B007E2BD7 /* GeoFire.h */ = {isa = PBXFileReference; fileEncoding = 4; lastKnownFileType = sourcecode.c.h; path = GeoFire.h; sourceTree = "<group>"; };
		50CA045E1FB3B63B007E2BD7 /* GFCircleQuery.h */ = {isa = PBXFileReference; fileEncoding = 4; lastKnownFileType = sourcecode.c.h; path = GFCircleQuery.h; sourceTree = "<group>"; };
		50CA045F1FB3B63B007E2BD7 /* GFQuery.h */ = {isa = PBXFileReference; fileEncoding = 4; lastKnownFileType = sourcecode.c.h; path = GFQuery.h; sourceTree = "<group>"; };
		50CA04601FB3B63B007E2BD7 /* GFRegionQuery.h */ = {isa = PBXFileReference; fileEncoding = 4; lastKnownFileType = sourcecode.c.h; path = GFRegionQuery.h; sourceTree = "<group>"; };
		50CA04611FB3B63B007E2BD7 /* GeoFire-Prefix.pch */ = {isa = PBXFileReference; fileEncoding = 4; lastKnownFileType = sourcecode.c.h; path = "GeoFire-Prefix.pch"; sourceTree = "<group>"; };
		50CA04631FB3B63B007E2BD7 /* GeoFire+Private.h */ = {isa = PBXFileReference; fileEncoding = 4; lastKnownFileType = sourcecode.c.h; path = "GeoFire+Private.h"; sourceTree = "<group>"; };
		50CA04641FB3B63B007E2BD7 /* GeoFire.m */ = {isa = PBXFileReference; fileEncoding = 4; lastKnownFileType = sourcecode.c.objc; path = GeoFire.m; sourceTree = "<group>"; };
		50CA04651FB3B63B007E2BD7 /* GFBase32Utils.h */ = {isa = PBXFileReference; fileEncoding = 4; lastKnownFileType = sourcecode.c.h; path = GFBase32Utils.h; sourceTree = "<group>"; };
		50CA04661FB3B63B007E2BD7 /* GFBase32Utils.m */ = {isa = PBXFileReference; fileEncoding = 4; lastKnownFileType = sourcecode.c.objc; path = GFBase32Utils.m; sourceTree = "<group>"; };
		50CA04671FB3B63B007E2BD7 /* GFGeoHash.h */ = {isa = PBXFileReference; fileEncoding = 4; lastKnownFileType = sourcecode.c.h; path = GFGeoHash.h; sourceTree = "<group>"; };
		50CA04681FB3B63B007E2BD7 /* GFGeoHash.m */ = {isa = PBXFileReference; fileEncoding = 4; lastKnownFileType = sourcecode.c.objc; path = GFGeoHash.m; sourceTree = "<group>"; };
		50CA04691FB3B63B007E2BD7 /* GFGeoHashQuery.h */ = {isa = PBXFileReference; fileEncoding = 4; lastKnownFileType = sourcecode.c.h; path = GFGeoHashQuery.h; sourceTree = "<group>"; };
		50CA046A1FB3B63B007E2BD7 /* GFGeoHashQuery.m */ = {isa = PBXFileReference; fileEncoding = 4; lastKnownFileType = sourcecode.c.objc; path = GFGeoHashQuery.m; sourceTree = "<group>"; };
		50CA046B1FB3B63B007E2BD7 /* GFQuery+Private.h */ = {isa = PBXFileReference; fileEncoding = 4; lastKnownFileType = sourcecode.c.h; path = "GFQuery+Private.h"; sourceTree = "<group>"; };
		50CA046C1FB3B63B007E2BD7 /* GFQuery.m */ = {isa = PBXFileReference; fileEncoding = 4; lastKnownFileType = sourcecode.c.objc; path = GFQuery.m; sourceTree = "<group>"; };
		50CA04751FB3B72F007E2BD7 /* PokeFinder-Bridging-Header.h */ = {isa = PBXFileReference; lastKnownFileType = sourcecode.c.h; path = "PokeFinder-Bridging-Header.h"; sourceTree = "<group>"; };
		50E96BC61FB3B2B200A4C04A /* PokeFinder.app */ = {isa = PBXFileReference; explicitFileType = wrapper.application; includeInIndex = 0; path = PokeFinder.app; sourceTree = BUILT_PRODUCTS_DIR; };
		50E96BC91FB3B2B200A4C04A /* AppDelegate.swift */ = {isa = PBXFileReference; lastKnownFileType = sourcecode.swift; path = AppDelegate.swift; sourceTree = "<group>"; };
		50E96BCB1FB3B2B200A4C04A /* ViewController.swift */ = {isa = PBXFileReference; lastKnownFileType = sourcecode.swift; path = ViewController.swift; sourceTree = "<group>"; };
		50E96BCE1FB3B2B200A4C04A /* Base */ = {isa = PBXFileReference; lastKnownFileType = file.storyboard; name = Base; path = Base.lproj/Main.storyboard; sourceTree = "<group>"; };
		50E96BD01FB3B2B200A4C04A /* Assets.xcassets */ = {isa = PBXFileReference; lastKnownFileType = folder.assetcatalog; path = Assets.xcassets; sourceTree = "<group>"; };
		50E96BD31FB3B2B200A4C04A /* Base */ = {isa = PBXFileReference; lastKnownFileType = file.storyboard; name = Base; path = Base.lproj/LaunchScreen.storyboard; sourceTree = "<group>"; };
		50E96BD51FB3B2B200A4C04A /* Info.plist */ = {isa = PBXFileReference; lastKnownFileType = text.plist.xml; path = Info.plist; sourceTree = "<group>"; };
		50E96BDB1FB3B2CF00A4C04A /* GoogleService-Info.plist */ = {isa = PBXFileReference; fileEncoding = 4; lastKnownFileType = text.plist.xml; path = "GoogleService-Info.plist"; sourceTree = "<group>"; };
		50F725751FB4053F0048D749 /* AdSupport.framework */ = {isa = PBXFileReference; lastKnownFileType = wrapper.framework; name = AdSupport.framework; path = System/Library/Frameworks/AdSupport.framework; sourceTree = SDKROOT; };
		580107CACB5AFDA31D27A124 /* Pods_PokeFinder.framework */ = {isa = PBXFileReference; explicitFileType = wrapper.framework; includeInIndex = 0; path = Pods_PokeFinder.framework; sourceTree = BUILT_PRODUCTS_DIR; };
		DC6F003B4211F190DEEA8252 /* Pods-PokeFinder.release.xcconfig */ = {isa = PBXFileReference; includeInIndex = 1; lastKnownFileType = text.xcconfig; name = "Pods-PokeFinder.release.xcconfig"; path = "Pods/Target Support Files/Pods-PokeFinder/Pods-PokeFinder.release.xcconfig"; sourceTree = "<group>"; };
/* End PBXFileReference section */

/* Begin PBXFrameworksBuildPhase section */
		50E96BC31FB3B2B200A4C04A /* Frameworks */ = {
			isa = PBXFrameworksBuildPhase;
			buildActionMask = 2147483647;
			files = (
				2687E9D6A6EAD7411B3569BA /* Pods_PokeFinder.framework in Frameworks */,
			);
			runOnlyForDeploymentPostprocessing = 0;
		};
/* End PBXFrameworksBuildPhase section */

/* Begin PBXGroup section */
		50C978D01FB3C53800B40B37 /* Controller */ = {
			isa = PBXGroup;
			children = (
				50E96BCB1FB3B2B200A4C04A /* ViewController.swift */,
			);
			path = Controller;
			sourceTree = "<group>";
		};
		50C978D11FB3C54400B40B37 /* Model */ = {
			isa = PBXGroup;
			children = (
				50C978D31FB3C5A200B40B37 /* PokeAnnotation.swift */,
			);
			path = Model;
			sourceTree = "<group>";
		};
		50C978D21FB3C54900B40B37 /* View */ = {
			isa = PBXGroup;
			children = (
				500944A21FB4115100C4AADD /* CollectionViewCell.swift */,
			);
			path = View;
			sourceTree = "<group>";
		};
		50CA045B1FB3B63B007E2BD7 /* GeoFire */ = {
			isa = PBXGroup;
			children = (
				50CA045C1FB3B63B007E2BD7 /* API */,
				50CA04611FB3B63B007E2BD7 /* GeoFire-Prefix.pch */,
				50CA04621FB3B63B007E2BD7 /* Implementation */,
			);
			path = GeoFire;
			sourceTree = "<group>";
		};
		50CA045C1FB3B63B007E2BD7 /* API */ = {
			isa = PBXGroup;
			children = (
				50CA045D1FB3B63B007E2BD7 /* GeoFire.h */,
				50CA045E1FB3B63B007E2BD7 /* GFCircleQuery.h */,
				50CA045F1FB3B63B007E2BD7 /* GFQuery.h */,
				50CA04601FB3B63B007E2BD7 /* GFRegionQuery.h */,
			);
			path = API;
			sourceTree = "<group>";
		};
		50CA04621FB3B63B007E2BD7 /* Implementation */ = {
			isa = PBXGroup;
			children = (
				50CA04631FB3B63B007E2BD7 /* GeoFire+Private.h */,
				50CA04641FB3B63B007E2BD7 /* GeoFire.m */,
				50CA04651FB3B63B007E2BD7 /* GFBase32Utils.h */,
				50CA04661FB3B63B007E2BD7 /* GFBase32Utils.m */,
				50CA04671FB3B63B007E2BD7 /* GFGeoHash.h */,
				50CA04681FB3B63B007E2BD7 /* GFGeoHash.m */,
				50CA04691FB3B63B007E2BD7 /* GFGeoHashQuery.h */,
				50CA046A1FB3B63B007E2BD7 /* GFGeoHashQuery.m */,
				50CA046B1FB3B63B007E2BD7 /* GFQuery+Private.h */,
				50CA046C1FB3B63B007E2BD7 /* GFQuery.m */,
			);
			path = Implementation;
			sourceTree = "<group>";
		};
		50E96BBD1FB3B2B200A4C04A = {
			isa = PBXGroup;
			children = (
				50E96BC81FB3B2B200A4C04A /* PokeFinder */,
				50E96BC71FB3B2B200A4C04A /* Products */,
				84E4A100E20D4481A74ABCBF /* Pods */,
				ACC0005207B9E0568A22D574 /* Frameworks */,
			);
			sourceTree = "<group>";
		};
		50E96BC71FB3B2B200A4C04A /* Products */ = {
			isa = PBXGroup;
			children = (
				50E96BC61FB3B2B200A4C04A /* PokeFinder.app */,
			);
			name = Products;
			sourceTree = "<group>";
		};
		50E96BC81FB3B2B200A4C04A /* PokeFinder */ = {
			isa = PBXGroup;
			children = (
				50CA045B1FB3B63B007E2BD7 /* GeoFire */,
				50C978D11FB3C54400B40B37 /* Model */,
				50C978D21FB3C54900B40B37 /* View */,
				50C978D01FB3C53800B40B37 /* Controller */,
				50E96BC91FB3B2B200A4C04A /* AppDelegate.swift */,
				50E96BCD1FB3B2B200A4C04A /* Main.storyboard */,
				50E96BD21FB3B2B200A4C04A /* LaunchScreen.storyboard */,
				50CA04751FB3B72F007E2BD7 /* PokeFinder-Bridging-Header.h */,
				50E96BD01FB3B2B200A4C04A /* Assets.xcassets */,
				50E96BDB1FB3B2CF00A4C04A /* GoogleService-Info.plist */,
				50E96BD51FB3B2B200A4C04A /* Info.plist */,
			);
			path = PokeFinder;
			sourceTree = "<group>";
		};
		84E4A100E20D4481A74ABCBF /* Pods */ = {
			isa = PBXGroup;
			children = (
				1E0085343C35622577CD1AA8 /* Pods-PokeFinder.debug.xcconfig */,
				DC6F003B4211F190DEEA8252 /* Pods-PokeFinder.release.xcconfig */,
			);
			name = Pods;
			sourceTree = "<group>";
		};
		ACC0005207B9E0568A22D574 /* Frameworks */ = {
			isa = PBXGroup;
			children = (
				50F725751FB4053F0048D749 /* AdSupport.framework */,
				580107CACB5AFDA31D27A124 /* Pods_PokeFinder.framework */,
			);
			name = Frameworks;
			sourceTree = "<group>";
		};
/* End PBXGroup section */

/* Begin PBXNativeTarget section */
		50E96BC51FB3B2B200A4C04A /* PokeFinder */ = {
			isa = PBXNativeTarget;
			buildConfigurationList = 50E96BD81FB3B2B200A4C04A /* Build configuration list for PBXNativeTarget "PokeFinder" */;
			buildPhases = (
				417CB1E3318E795464AD3241 /* [CP] Check Pods Manifest.lock */,
				50E96BC21FB3B2B200A4C04A /* Sources */,
				50E96BC31FB3B2B200A4C04A /* Frameworks */,
				50E96BC41FB3B2B200A4C04A /* Resources */,
				0DE0BACB1DF5935DD6D83B7A /* [CP] Embed Pods Frameworks */,
				EEDE3620724942D234B1F469 /* [CP] Copy Pods Resources */,
			);
			buildRules = (
			);
			dependencies = (
			);
			name = PokeFinder;
			productName = PokeFinder;
			productReference = 50E96BC61FB3B2B200A4C04A /* PokeFinder.app */;
			productType = "com.apple.product-type.application";
		};
/* End PBXNativeTarget section */

/* Begin PBXProject section */
		50E96BBE1FB3B2B200A4C04A /* Project object */ = {
			isa = PBXProject;
			attributes = {
				LastSwiftUpdateCheck = 0900;
				LastUpgradeCheck = 0900;
				ORGANIZATIONNAME = unicorn;
				TargetAttributes = {
					50E96BC51FB3B2B200A4C04A = {
						CreatedOnToolsVersion = 9.0.1;
						ProvisioningStyle = Automatic;
					};
				};
			};
			buildConfigurationList = 50E96BC11FB3B2B200A4C04A /* Build configuration list for PBXProject "PokeFinder" */;
			compatibilityVersion = "Xcode 8.0";
			developmentRegion = en;
			hasScannedForEncodings = 0;
			knownRegions = (
				en,
				Base,
			);
			mainGroup = 50E96BBD1FB3B2B200A4C04A;
			productRefGroup = 50E96BC71FB3B2B200A4C04A /* Products */;
			projectDirPath = "";
			projectRoot = "";
			targets = (
				50E96BC51FB3B2B200A4C04A /* PokeFinder */,
			);
		};
/* End PBXProject section */

/* Begin PBXResourcesBuildPhase section */
		50E96BC41FB3B2B200A4C04A /* Resources */ = {
			isa = PBXResourcesBuildPhase;
			buildActionMask = 2147483647;
			files = (
				50E96BD41FB3B2B200A4C04A /* LaunchScreen.storyboard in Resources */,
				50E96BDC1FB3B2D000A4C04A /* GoogleService-Info.plist in Resources */,
				50E96BD11FB3B2B200A4C04A /* Assets.xcassets in Resources */,
				50E96BCF1FB3B2B200A4C04A /* Main.storyboard in Resources */,
			);
			runOnlyForDeploymentPostprocessing = 0;
		};
/* End PBXResourcesBuildPhase section */

/* Begin PBXShellScriptBuildPhase section */
		0DE0BACB1DF5935DD6D83B7A /* [CP] Embed Pods Frameworks */ = {
			isa = PBXShellScriptBuildPhase;
			buildActionMask = 2147483647;
			files = (
			);
			inputPaths = (
			);
			name = "[CP] Embed Pods Frameworks";
			outputPaths = (
			);
			runOnlyForDeploymentPostprocessing = 0;
			shellPath = /bin/sh;
			shellScript = "\"${SRCROOT}/Pods/Target Support Files/Pods-PokeFinder/Pods-PokeFinder-frameworks.sh\"\n";
			showEnvVarsInLog = 0;
		};
		417CB1E3318E795464AD3241 /* [CP] Check Pods Manifest.lock */ = {
			isa = PBXShellScriptBuildPhase;
			buildActionMask = 2147483647;
			files = (
			);
			inputPaths = (
			);
			name = "[CP] Check Pods Manifest.lock";
			outputPaths = (
			);
			runOnlyForDeploymentPostprocessing = 0;
			shellPath = /bin/sh;
			shellScript = "diff \"${PODS_PODFILE_DIR_PATH}/Podfile.lock\" \"${PODS_ROOT}/Manifest.lock\" > /dev/null\nif [ $? != 0 ] ; then\n    # print error to STDERR\n    echo \"error: The sandbox is not in sync with the Podfile.lock. Run 'pod install' or update your CocoaPods installation.\" >&2\n    exit 1\nfi\n";
			showEnvVarsInLog = 0;
		};
		EEDE3620724942D234B1F469 /* [CP] Copy Pods Resources */ = {
			isa = PBXShellScriptBuildPhase;
			buildActionMask = 2147483647;
			files = (
			);
			inputPaths = (
			);
			name = "[CP] Copy Pods Resources";
			outputPaths = (
			);
			runOnlyForDeploymentPostprocessing = 0;
			shellPath = /bin/sh;
			shellScript = "\"${SRCROOT}/Pods/Target Support Files/Pods-PokeFinder/Pods-PokeFinder-resources.sh\"\n";
			showEnvVarsInLog = 0;
		};
/* End PBXShellScriptBuildPhase section */

/* Begin PBXSourcesBuildPhase section */
		50E96BC21FB3B2B200A4C04A /* Sources */ = {
			isa = PBXSourcesBuildPhase;
			buildActionMask = 2147483647;
			files = (
				50CA046E1FB3B63B007E2BD7 /* GFBase32Utils.m in Sources */,
				50C978D41FB3C5A200B40B37 /* PokeAnnotation.swift in Sources */,
				500944A31FB4115100C4AADD /* CollectionViewCell.swift in Sources */,
				50E96BCC1FB3B2B200A4C04A /* ViewController.swift in Sources */,
				50CA046F1FB3B63B007E2BD7 /* GFGeoHash.m in Sources */,
				50E96BCA1FB3B2B200A4C04A /* AppDelegate.swift in Sources */,
				50CA046D1FB3B63B007E2BD7 /* GeoFire.m in Sources */,
				50CA04701FB3B63B007E2BD7 /* GFGeoHashQuery.m in Sources */,
				50CA04711FB3B63B007E2BD7 /* GFQuery.m in Sources */,
			);
			runOnlyForDeploymentPostprocessing = 0;
		};
/* End PBXSourcesBuildPhase section */

/* Begin PBXVariantGroup section */
		50E96BCD1FB3B2B200A4C04A /* Main.storyboard */ = {
			isa = PBXVariantGroup;
			children = (
				50E96BCE1FB3B2B200A4C04A /* Base */,
			);
			name = Main.storyboard;
			sourceTree = "<group>";
		};
		50E96BD21FB3B2B200A4C04A /* LaunchScreen.storyboard */ = {
			isa = PBXVariantGroup;
			children = (
				50E96BD31FB3B2B200A4C04A /* Base */,
			);
			name = LaunchScreen.storyboard;
			sourceTree = "<group>";
		};
/* End PBXVariantGroup section */

/* Begin XCBuildConfiguration section */
		50E96BD61FB3B2B200A4C04A /* Debug */ = {
			isa = XCBuildConfiguration;
			buildSettings = {
				ALWAYS_SEARCH_USER_PATHS = NO;
				CLANG_ANALYZER_NONNULL = YES;
				CLANG_ANALYZER_NUMBER_OBJECT_CONVERSION = YES_AGGRESSIVE;
				CLANG_CXX_LANGUAGE_STANDARD = "gnu++14";
				CLANG_CXX_LIBRARY = "libc++";
				CLANG_ENABLE_MODULES = YES;
				CLANG_ENABLE_OBJC_ARC = YES;
				CLANG_WARN_BLOCK_CAPTURE_AUTORELEASING = YES;
				CLANG_WARN_BOOL_CONVERSION = YES;
				CLANG_WARN_COMMA = YES;
				CLANG_WARN_CONSTANT_CONVERSION = YES;
				CLANG_WARN_DIRECT_OBJC_ISA_USAGE = YES_ERROR;
				CLANG_WARN_DOCUMENTATION_COMMENTS = YES;
				CLANG_WARN_EMPTY_BODY = YES;
				CLANG_WARN_ENUM_CONVERSION = YES;
				CLANG_WARN_INFINITE_RECURSION = YES;
				CLANG_WARN_INT_CONVERSION = YES;
				CLANG_WARN_NON_LITERAL_NULL_CONVERSION = YES;
				CLANG_WARN_OBJC_LITERAL_CONVERSION = YES;
				CLANG_WARN_OBJC_ROOT_CLASS = YES_ERROR;
				CLANG_WARN_RANGE_LOOP_ANALYSIS = YES;
				CLANG_WARN_STRICT_PROTOTYPES = YES;
				CLANG_WARN_SUSPICIOUS_MOVE = YES;
				CLANG_WARN_UNGUARDED_AVAILABILITY = YES_AGGRESSIVE;
				CLANG_WARN_UNREACHABLE_CODE = YES;
				CLANG_WARN__DUPLICATE_METHOD_MATCH = YES;
				CODE_SIGN_IDENTITY = "iPhone Developer";
				COPY_PHASE_STRIP = NO;
				DEBUG_INFORMATION_FORMAT = dwarf;
				ENABLE_STRICT_OBJC_MSGSEND = YES;
				ENABLE_TESTABILITY = YES;
				GCC_C_LANGUAGE_STANDARD = gnu11;
				GCC_DYNAMIC_NO_PIC = NO;
				GCC_NO_COMMON_BLOCKS = YES;
				GCC_OPTIMIZATION_LEVEL = 0;
				GCC_PREPROCESSOR_DEFINITIONS = (
					"DEBUG=1",
					"$(inherited)",
				);
				GCC_WARN_64_TO_32_BIT_CONVERSION = YES;
				GCC_WARN_ABOUT_RETURN_TYPE = YES_ERROR;
				GCC_WARN_UNDECLARED_SELECTOR = YES;
				GCC_WARN_UNINITIALIZED_AUTOS = YES_AGGRESSIVE;
				GCC_WARN_UNUSED_FUNCTION = YES;
				GCC_WARN_UNUSED_VARIABLE = YES;
				IPHONEOS_DEPLOYMENT_TARGET = 11.0;
				MTL_ENABLE_DEBUG_INFO = YES;
				ONLY_ACTIVE_ARCH = YES;
				SDKROOT = iphoneos;
				SWIFT_ACTIVE_COMPILATION_CONDITIONS = DEBUG;
				SWIFT_OPTIMIZATION_LEVEL = "-Onone";
			};
			name = Debug;
		};
		50E96BD71FB3B2B200A4C04A /* Release */ = {
			isa = XCBuildConfiguration;
			buildSettings = {
				ALWAYS_SEARCH_USER_PATHS = NO;
				CLANG_ANALYZER_NONNULL = YES;
				CLANG_ANALYZER_NUMBER_OBJECT_CONVERSION = YES_AGGRESSIVE;
				CLANG_CXX_LANGUAGE_STANDARD = "gnu++14";
				CLANG_CXX_LIBRARY = "libc++";
				CLANG_ENABLE_MODULES = YES;
				CLANG_ENABLE_OBJC_ARC = YES;
				CLANG_WARN_BLOCK_CAPTURE_AUTORELEASING = YES;
				CLANG_WARN_BOOL_CONVERSION = YES;
				CLANG_WARN_COMMA = YES;
				CLANG_WARN_CONSTANT_CONVERSION = YES;
				CLANG_WARN_DIRECT_OBJC_ISA_USAGE = YES_ERROR;
				CLANG_WARN_DOCUMENTATION_COMMENTS = YES;
				CLANG_WARN_EMPTY_BODY = YES;
				CLANG_WARN_ENUM_CONVERSION = YES;
				CLANG_WARN_INFINITE_RECURSION = YES;
				CLANG_WARN_INT_CONVERSION = YES;
				CLANG_WARN_NON_LITERAL_NULL_CONVERSION = YES;
				CLANG_WARN_OBJC_LITERAL_CONVERSION = YES;
				CLANG_WARN_OBJC_ROOT_CLASS = YES_ERROR;
				CLANG_WARN_RANGE_LOOP_ANALYSIS = YES;
				CLANG_WARN_STRICT_PROTOTYPES = YES;
				CLANG_WARN_SUSPICIOUS_MOVE = YES;
				CLANG_WARN_UNGUARDED_AVAILABILITY = YES_AGGRESSIVE;
				CLANG_WARN_UNREACHABLE_CODE = YES;
				CLANG_WARN__DUPLICATE_METHOD_MATCH = YES;
				CODE_SIGN_IDENTITY = "iPhone Developer";
				COPY_PHASE_STRIP = NO;
				DEBUG_INFORMATION_FORMAT = "dwarf-with-dsym";
				ENABLE_NS_ASSERTIONS = NO;
				ENABLE_STRICT_OBJC_MSGSEND = YES;
				GCC_C_LANGUAGE_STANDARD = gnu11;
				GCC_NO_COMMON_BLOCKS = YES;
				GCC_WARN_64_TO_32_BIT_CONVERSION = YES;
				GCC_WARN_ABOUT_RETURN_TYPE = YES_ERROR;
				GCC_WARN_UNDECLARED_SELECTOR = YES;
				GCC_WARN_UNINITIALIZED_AUTOS = YES_AGGRESSIVE;
				GCC_WARN_UNUSED_FUNCTION = YES;
				GCC_WARN_UNUSED_VARIABLE = YES;
				IPHONEOS_DEPLOYMENT_TARGET = 11.0;
				MTL_ENABLE_DEBUG_INFO = NO;
				SDKROOT = iphoneos;
				SWIFT_OPTIMIZATION_LEVEL = "-Owholemodule";
				VALIDATE_PRODUCT = YES;
			};
			name = Release;
		};
		50E96BD91FB3B2B200A4C04A /* Debug */ = {
			isa = XCBuildConfiguration;
			baseConfigurationReference = 1E0085343C35622577CD1AA8 /* Pods-PokeFinder.debug.xcconfig */;
			buildSettings = {
				ASSETCATALOG_COMPILER_APPICON_NAME = AppIcon;
				CODE_SIGN_STYLE = Automatic;
				DEVELOPMENT_TEAM = 649M8TPCDZ;
				INFOPLIST_FILE = PokeFinder/Info.plist;
				IPHONEOS_DEPLOYMENT_TARGET = 11.0;
				LD_RUNPATH_SEARCH_PATHS = "$(inherited) @executable_path/Frameworks";
				PRODUCT_BUNDLE_IDENTIFIER = com.unicorn.PokeFinder;
				PRODUCT_NAME = "$(TARGET_NAME)";
				SWIFT_OBJC_BRIDGING_HEADER = "PokeFinder/PokeFinder-Bridging-Header.h";
				SWIFT_VERSION = 4.0;
				TARGETED_DEVICE_FAMILY = "1,2";
			};
			name = Debug;
		};
		50E96BDA1FB3B2B200A4C04A /* Release */ = {
			isa = XCBuildConfiguration;
			baseConfigurationReference = DC6F003B4211F190DEEA8252 /* Pods-PokeFinder.release.xcconfig */;
			buildSettings = {
				ASSETCATALOG_COMPILER_APPICON_NAME = AppIcon;
				CODE_SIGN_STYLE = Automatic;
				DEVELOPMENT_TEAM = 649M8TPCDZ;
				INFOPLIST_FILE = PokeFinder/Info.plist;
				IPHONEOS_DEPLOYMENT_TARGET = 11.0;
				LD_RUNPATH_SEARCH_PATHS = "$(inherited) @executable_path/Frameworks";
				PRODUCT_BUNDLE_IDENTIFIER = com.unicorn.PokeFinder;
				PRODUCT_NAME = "$(TARGET_NAME)";
				SWIFT_OBJC_BRIDGING_HEADER = "PokeFinder/PokeFinder-Bridging-Header.h";
				SWIFT_VERSION = 4.0;
				TARGETED_DEVICE_FAMILY = "1,2";
			};
			name = Release;
		};
/* End XCBuildConfiguration section */

/* Begin XCConfigurationList section */
		50E96BC11FB3B2B200A4C04A /* Build configuration list for PBXProject "PokeFinder" */ = {
			isa = XCConfigurationList;
			buildConfigurations = (
				50E96BD61FB3B2B200A4C04A /* Debug */,
				50E96BD71FB3B2B200A4C04A /* Release */,
			);
			defaultConfigurationIsVisible = 0;
			defaultConfigurationName = Release;
		};
		50E96BD81FB3B2B200A4C04A /* Build configuration list for PBXNativeTarget "PokeFinder" */ = {
			isa = XCConfigurationList;
			buildConfigurations = (
				50E96BD91FB3B2B200A4C04A /* Debug */,
				50E96BDA1FB3B2B200A4C04A /* Release */,
			);
			defaultConfigurationIsVisible = 0;
			defaultConfigurationName = Release;
		};
/* End XCConfigurationList section */
	};
	rootObject = 50E96BBE1FB3B2B200A4C04A /* Project object */;
}
